
Microsoft Visual Studio Solution File, Format Version 12.00
# Visual Studio Version 17
VisualStudioVersion = 17.5.002.0
MinimumVisualStudioVersion = 10.0.40219.1
Project("{9A19103F-16F7-4668-BE54-9A1E7A4F7556}") = "funktioner-och-metoder", "funktioner-och-metoder.csproj", "{3E08F251-77C2-49A6-8EC0-761598AF8248}"
EndProject
Global
	GlobalSection(SolutionConfigurationPlatforms) = preSolution
		Debug|Any CPU = Debug|Any CPU
		Release|Any CPU = Release|Any CPU
	EndGlobalSection
	GlobalSection(ProjectConfigurationPlatforms) = postSolution
		{3E08F251-77C2-49A6-8EC0-761598AF8248}.Debug|Any CPU.ActiveCfg = Debug|Any CPU
		{3E08F251-77C2-49A6-8EC0-761598AF8248}.Debug|Any CPU.Build.0 = Debug|Any CPU
		{3E08F251-77C2-49A6-8EC0-761598AF8248}.Release|Any CPU.ActiveCfg = Release|Any CPU
		{3E08F251-77C2-49A6-8EC0-761598AF8248}.Release|Any CPU.Build.0 = Release|Any CPU
	EndGlobalSection
	GlobalSection(SolutionProperties) = preSolution
		HideSolutionNode = FALSE
	EndGlobalSection
	GlobalSection(ExtensibilityGlobals) = postSolution
		SolutionGuid = {49ED112B-3478-44BC-9DE9-2DA019C2BF3D}
	EndGlobalSection
EndGlobal
